
Microsoft Visual Studio Solution File, Format Version 12.00
# Visual Studio Version 17
VisualStudioVersion = 17.4.33213.308
MinimumVisualStudioVersion = 10.0.40219.1
Project("{FAE04EC0-301F-11D3-BF4B-00C04F79EFBC}") = "StreamTools.Uwp", "StreamTools.Uwp\StreamTools.Uwp.csproj", "{5A61C552-A3D4-4BC4-800D-3DBFDF3B8AE2}"
EndProject
Global
	GlobalSection(SolutionConfigurationPlatforms) = preSolution
		Debug|ARM = Debug|ARM
		Debug|ARM64 = Debug|ARM64
		Debug|x64 = Debug|x64
		Debug|x86 = Debug|x86
		Release|ARM = Release|ARM
		Release|ARM64 = Release|ARM64
		Release|x64 = Release|x64
		Release|x86 = Release|x86
	EndGlobalSection
	GlobalSection(ProjectConfigurationPlatforms) = postSolution
		{5A61C552-A3D4-4BC4-800D-3DBFDF3B8AE2}.Debug|ARM.ActiveCfg = Debug|ARM
		{5A61C552-A3D4-4BC4-800D-3DBFDF3B8AE2}.Debug|ARM.Build.0 = Debug|ARM
		{5A61C552-A3D4-4BC4-800D-3DBFDF3B8AE2}.Debug|ARM.Deploy.0 = Debug|ARM
		{5A61C552-A3D4-4BC4-800D-3DBFDF3B8AE2}.Debug|ARM64.ActiveCfg = Debug|ARM64
		{5A61C552-A3D4-4BC4-800D-3DBFDF3B8AE2}.Debug|ARM64.Build.0 = Debug|ARM64
		{5A61C552-A3D4-4BC4-800D-3DBFDF3B8AE2}.Debug|ARM64.Deploy.0 = Debug|ARM64
		{5A61C552-A3D4-4BC4-800D-3DBFDF3B8AE2}.Debug|x64.ActiveCfg = Debug|x64
		{5A61C552-A3D4-4BC4-800D-3DBFDF3B8AE2}.Debug|x64.Build.0 = Debug|x64
		{5A61C552-A3D4-4BC4-800D-3DBFDF3B8AE2}.Debug|x64.Deploy.0 = Debug|x64
		{5A61C552-A3D4-4BC4-800D-3DBFDF3B8AE2}.Debug|x86.ActiveCfg = Debug|x86
		{5A61C552-A3D4-4BC4-800D-3DBFDF3B8AE2}.Debug|x86.Build.0 = Debug|x86
		{5A61C552-A3D4-4BC4-800D-3DBFDF3B8AE2}.Debug|x86.Deploy.0 = Debug|x86
		{5A61C552-A3D4-4BC4-800D-3DBFDF3B8AE2}.Release|ARM.ActiveCfg = Release|ARM
		{5A61C552-A3D4-4BC4-800D-3DBFDF3B8AE2}.Release|ARM.Build.0 = Release|ARM
		{5A61C552-A3D4-4BC4-800D-3DBFDF3B8AE2}.Release|ARM.Deploy.0 = Release|ARM
		{5A61C552-A3D4-4BC4-800D-3DBFDF3B8AE2}.Release|ARM64.ActiveCfg = Release|ARM64
		{5A61C552-A3D4-4BC4-800D-3DBFDF3B8AE2}.Release|ARM64.Build.0 = Release|ARM64
		{5A61C552-A3D4-4BC4-800D-3DBFDF3B8AE2}.Release|ARM64.Deploy.0 = Release|ARM64
		{5A61C552-A3D4-4BC4-800D-3DBFDF3B8AE2}.Release|x64.ActiveCfg = Release|x64
		{5A61C552-A3D4-4BC4-800D-3DBFDF3B8AE2}.Release|x64.Build.0 = Release|x64
		{5A61C552-A3D4-4BC4-800D-3DBFDF3B8AE2}.Release|x64.Deploy.0 = Release|x64
		{5A61C552-A3D4-4BC4-800D-3DBFDF3B8AE2}.Release|x86.ActiveCfg = Release|x86
		{5A61C552-A3D4-4BC4-800D-3DBFDF3B8AE2}.Release|x86.Build.0 = Release|x86
		{5A61C552-A3D4-4BC4-800D-3DBFDF3B8AE2}.Release|x86.Deploy.0 = Release|x86
	EndGlobalSection
	GlobalSection(SolutionProperties) = preSolution
		HideSolutionNode = FALSE
	EndGlobalSection
	GlobalSection(ExtensibilityGlobals) = postSolution
		SolutionGuid = {911A0E74-53BB-4E28-943E-F08EFDC389C7}
	EndGlobalSection
EndGlobal
